
Microsoft Visual Studio Solution File, Format Version 12.00
# Visual Studio Version 16
VisualStudioVersion = 16.0.31321.278
MinimumVisualStudioVersion = 10.0.40219.1
Project("{FAE04EC0-301F-11D3-BF4B-00C04F79EFBC}") = "IT_Inventory_Mobileapp.Android", "IT_Inventory_Mobileapp.Android\IT_Inventory_Mobileapp.Android.csproj", "{DAC491A0-AD64-4BAD-BBB4-BCC334B580FB}"
EndProject
Project("{FAE04EC0-301F-11D3-BF4B-00C04F79EFBC}") = "IT_Inventory_Mobileapp", "IT_Inventory_Mobileapp\IT_Inventory_Mobileapp.csproj", "{209E87D1-85C9-4CEF-A0D5-C825D51DA404}"
EndProject
Global
	GlobalSection(SolutionConfigurationPlatforms) = preSolution
		Debug|Any CPU = Debug|Any CPU
		Release|Any CPU = Release|Any CPU
	EndGlobalSection
	GlobalSection(ProjectConfigurationPlatforms) = postSolution
		{DAC491A0-AD64-4BAD-BBB4-BCC334B580FB}.Debug|Any CPU.ActiveCfg = Debug|Any CPU
		{DAC491A0-AD64-4BAD-BBB4-BCC334B580FB}.Debug|Any CPU.Build.0 = Debug|Any CPU
		{DAC491A0-AD64-4BAD-BBB4-BCC334B580FB}.Debug|Any CPU.Deploy.0 = Debug|Any CPU
		{DAC491A0-AD64-4BAD-BBB4-BCC334B580FB}.Release|Any CPU.ActiveCfg = Release|Any CPU
		{DAC491A0-AD64-4BAD-BBB4-BCC334B580FB}.Release|Any CPU.Build.0 = Release|Any CPU
		{DAC491A0-AD64-4BAD-BBB4-BCC334B580FB}.Release|Any CPU.Deploy.0 = Release|Any CPU
		{209E87D1-85C9-4CEF-A0D5-C825D51DA404}.Debug|Any CPU.ActiveCfg = Debug|Any CPU
		{209E87D1-85C9-4CEF-A0D5-C825D51DA404}.Debug|Any CPU.Build.0 = Debug|Any CPU
		{209E87D1-85C9-4CEF-A0D5-C825D51DA404}.Debug|Any CPU.Deploy.0 = Debug|Any CPU
		{209E87D1-85C9-4CEF-A0D5-C825D51DA404}.Release|Any CPU.ActiveCfg = Release|Any CPU
		{209E87D1-85C9-4CEF-A0D5-C825D51DA404}.Release|Any CPU.Build.0 = Release|Any CPU
		{209E87D1-85C9-4CEF-A0D5-C825D51DA404}.Release|Any CPU.Deploy.0 = Release|Any CPU
	EndGlobalSection
	GlobalSection(SolutionProperties) = preSolution
		HideSolutionNode = FALSE
	EndGlobalSection
	GlobalSection(ExtensibilityGlobals) = postSolution
		SolutionGuid = {CF6E622C-08F7-4DC1-9B96-D81E99E579A4}
	EndGlobalSection
EndGlobal
